version = 1
requires-python = ">=3.11"

[[package]]
name = "certifi"
version = "2024.8.30"
source = { registry = "https://pypi.org/simple" }
wheels = [
    { url = "https://files.pythonhosted.org/packages/12/90/3c9ff0512038035f59d279fddeb79f5f1eccd8859f06d6163c58798b9487/certifi-2024.8.30-py3-none-any.whl", hash = "sha256:922820b53db7a7257ffbda3f597266d435245903d80737e34f8a45ff3e3230d8", size = 167321 },
]

[[package]]
name = "pytest"
version = "8.3.3"
source = { registry = "https://pypi.org/simple" }
wheels = [
    { url = "https://files.pythonhosted.org/packages/6b/77/7440a06a8ead44c7757a64362dd22df5760f9b12dc5f11b6188cd2fc27a0/pytest-8.3.3-py3-none-any.whl", hash = "sha256:a6853c7375b2663155079443d2e85de2a89a0b3c7c3d3a0bc7cf88e0b7fb0b68", size = 342341 },
]

[[package]]
name = "pytest-cov"
version = "5.0.0"
source = { registry = "https://pypi.org/simple" }
wheels = [
    { url = "https://files.pythonhosted.org/packages/78/3a/af5b4fa5961d9a1e6237b530eb87dd04aea6eb83e6cca1daa61cff4ec0fd/pytest_cov-5.0.0-py3-none-any.whl", hash = "sha256:4f0764a1219df53214206bf1fecc201bb9b1159a8b42a50d7e9db7e4c70b0b8c", size = 21990 },
]

[[package]]
name = "python-uv-sync-groups"
version = "0.1.0"
source = { editable = "." }
dependencies = [
    { name = "requests" },
]

[package.dependency-groups]
test = [
    { name = "pytest" },
    { name = "pytest-cov" },
]
docs = [
    { name = "sphinx" },
    { name = "sphinx-rtd-theme" },
]

[[package]]
name = "requests"
version = "2.32.3"
source = { registry = "https://pypi.org/simple" }
dependencies = [
    { name = "certifi" },
]
wheels = [
    { url = "https://files.pythonhosted.org/packages/f9/9b/335f9764261e915ed497fcdeb11df5dfd6f7bf257d4a6a2a686d80da4d54/requests-2.32.3-py3-none-any.whl", hash = "sha256:70761cfe03c773ceb22aa2f671b4757976145175cdfca038c02654d061d6dcc6", size = 64928 },
]

[[package]]
name = "sphinx"
version = "8.1.3"
source = { registry = "https://pypi.org/simple" }
wheels = [
    { url = "https://files.pythonhosted.org/packages/26/60/1ddeb442c84d9aee7b80b3e4e6c5a93a5f2f3e7d0c78a46b9e1a9de4a37b/Sphinx-8.1.3-py3-none-any.whl", hash = "sha256:09719015511837b76bf6e03e42eb7595ac8c2e41b98c2b867bb50b8a6fdfbab5", size = 3487538 },
]

[[package]]
name = "sphinx-rtd-theme"
version = "3.0.2"
source = { registry = "https://pypi.org/simple" }
wheels = [
    { url = "https://files.pythonhosted.org/packages/c1/61/f5bd7850b2efb6ee4d3f739b21a95b243b5dea9ac5b3abf5bf519bb34b8b/sphinx_rtd_theme-3.0.2-py2.py3-none-any.whl", hash = "sha256:422cae0c0a6230230afe982118c907e86131742f79cab5854ad12acaa2fcffaa", size = 2796936 },
]