{
  "nodes": {
    "nixpkgs": {
      "locked": {
        "lastModified": 1667318659,
        "owner": "NixOS",
        "repo": "nixpkgs",
        "rev": "b3a8f7ed267e0a7ed100eb7d716c9137ff120fe3",
        "type": "github"
      },
      "original": {
        "owner": "NixOS",
        "ref": "nixos-22.05",
        "repo": "nixpkgs",
        "type": "github"
      }
    },
    "root": {
      "inputs": {
        "nixpkgs": "nixpkgs"
      }
    }
  },
  "root": "root",
  "version": 7
}
