{
  "nodes": {
    "devenv": {
      "locked": {
        "path": "../../src/modules",
        "type": "path"
      },
      "original": {
        "path": "../../src/modules",
        "type": "path"
      },
      "parent": []
    },
    "fenix": {
      "inputs": {
        "nixpkgs": [
          "nixpkgs"
        ],
        "rust-analyzer-src": "rust-analyzer-src"
      },
      "locked": {
        "lastModified": 1670221471,
        "narHash": "sha256-rNoTqumt7a1VDZt46N/zPX1cAqKyXREM6HE8Zmo32mU=",
        "owner": "nix-community",
        "repo": "fenix",
        "rev": "cb671e285ffc9a6f549bc6ac0f6c497e96f1f3ef",
        "type": "github"
      },
      "original": {
        "owner": "nix-community",
        "repo": "fenix",
        "type": "github"
      }
    },
    "flake-compat": {
      "flake": false,
      "locked": {
        "lastModified": 1668681692,
        "narHash": "sha256-Ht91NGdewz8IQLtWZ9LCeNXMSXHUss+9COoqu6JLmXU=",
        "owner": "edolstra",
        "repo": "flake-compat",
        "rev": "009399224d5e398d03b22badca40a37ac85412a1",
        "type": "github"
      },
      "original": {
        "owner": "edolstra",
        "repo": "flake-compat",
        "type": "github"
      }
    },
    "flake-utils": {
      "locked": {
        "lastModified": 1667395993,
        "narHash": "sha256-nuEHfE/LcWyuSWnS8t12N1wc105Qtau+/OdUAjtQ0rA=",
        "owner": "numtide",
        "repo": "flake-utils",
        "rev": "5aed5285a952e0b949eb3ba02c12fa4fcfef535f",
        "type": "github"
      },
      "original": {
        "owner": "numtide",
        "repo": "flake-utils",
        "type": "github"
      }
    },
    "gitignore": {
      "inputs": {
        "nixpkgs": [
          "pre-commit-hooks",
          "nixpkgs"
        ]
      },
      "locked": {
        "lastModified": 1660459072,
        "narHash": "sha256-8DFJjXG8zqoONA1vXtgeKXy68KdJL5UaXR8NtVMUbx8=",
        "owner": "hercules-ci",
        "repo": "gitignore.nix",
        "rev": "a20de23b925fd8264fd7fad6454652e142fd7f73",
        "type": "github"
      },
      "original": {
        "owner": "hercules-ci",
        "repo": "gitignore.nix",
        "type": "github"
      }
    },
    "nixpkgs": {
      "locked": {
        "lastModified": 1670148586,
        "narHash": "sha256-EcDfOiTHs0UBAtyGc0wxJJdhcMjrJEgWXjJutxZGA3E=",
        "owner": "NixOS",
        "repo": "nixpkgs",
        "rev": "a2d2f70b82ada0eadbcb1df2bca32d841a3c1bf1",
        "type": "github"
      },
      "original": {
        "owner": "NixOS",
        "ref": "nixpkgs-unstable",
        "repo": "nixpkgs",
        "type": "github"
      }
    },
    "nixpkgs-stable": {
      "locked": {
        "lastModified": 1668984258,
        "narHash": "sha256-0gDMJ2T3qf58xgcSbYoXiRGUkPWmKyr5C3vcathWhKs=",
        "owner": "NixOS",
        "repo": "nixpkgs",
        "rev": "cf63ade6f74bbc9d2a017290f1b2e33e8fbfa70a",
        "type": "github"
      },
      "original": {
        "owner": "NixOS",
        "ref": "nixos-22.05",
        "repo": "nixpkgs",
        "type": "github"
      }
    },
    "pre-commit-hooks": {
      "inputs": {
        "flake-compat": "flake-compat",
        "flake-utils": "flake-utils",
        "gitignore": "gitignore",
        "nixpkgs": [
          "nixpkgs"
        ],
        "nixpkgs-stable": "nixpkgs-stable"
      },
      "locked": {
        "lastModified": 1670078914,
        "narHash": "sha256-oS3/KHb+S1Hf/PSqHAs8xVmvORRL3G2N+9hvX5uP1rI=",
        "owner": "cachix",
        "repo": "pre-commit-hooks.nix",
        "rev": "2597510df32efafda4d05f5122efe612a7a5da66",
        "type": "github"
      },
      "original": {
        "owner": "cachix",
        "repo": "pre-commit-hooks.nix",
        "type": "github"
      }
    },
    "root": {
      "inputs": {
        "devenv": "devenv",
        "fenix": "fenix",
        "nixpkgs": "nixpkgs",
        "pre-commit-hooks": "pre-commit-hooks"
      }
    },
    "rust-analyzer-src": {
      "flake": false,
      "locked": {
        "lastModified": 1670182646,
        "narHash": "sha256-2Syd2jVpY0UIfsYlmzvWICZTDVRG4UchcbRlNhuJSpM=",
        "owner": "rust-lang",
        "repo": "rust-analyzer",
        "rev": "a2beeb8dbb5f4596f8c6f28a09c20355ea4c4628",
        "type": "github"
      },
      "original": {
        "owner": "rust-lang",
        "ref": "nightly",
        "repo": "rust-analyzer",
        "type": "github"
      }
    }
  },
  "root": "root",
  "version": 7
}
