{
  "nodes": {
    "flake-utils": {
      "locked": {
        "lastModified": 1667077288,
        "narHash": "sha256-bdC8sFNDpT0HK74u9fUkpbf1MEzVYJ+ka7NXCdgBoaA=",
        "owner": "numtide",
        "repo": "flake-utils",
        "rev": "6ee9ebb6b1ee695d2cacc4faa053a7b9baa76817",
        "type": "github"
      },
      "original": {
        "owner": "numtide",
        "repo": "flake-utils",
        "type": "github"
      }
    },
    "nixpkgs": {
      "locked": {
        "lastModified": 1668231603,
        "owner": "NixOS",
        "repo": "nixpkgs",
        "rev": "d8f2c4d846a2e65ad3f5a5e842b672f0b81588a2",
        "type": "github"
      },
      "original": {
        "owner": "NixOS",
        "ref": "nixpkgs-unstable",
        "repo": "nixpkgs",
        "type": "github"
      }
    },
    "nixpkgs_2": {
      "locked": {
        "lastModified": 1667292599,
        "narHash": "sha256-7ISOUI1aj6UKMPIL+wwthENL22L3+A9V+jS8Is3QsRo=",
        "owner": "NixOS",
        "repo": "nixpkgs",
        "rev": "ef2f213d9659a274985778bff4ca322f3ef3ac68",
        "type": "github"
      },
      "original": {
        "id": "nixpkgs",
        "type": "indirect"
      }
    },
    "pre-commit-hooks": {
      "inputs": {
        "flake-utils": "flake-utils",
        "nixpkgs": "nixpkgs_2"
      },
      "locked": {
        "lastModified": 1667992213,
        "owner": "cachix",
        "repo": "pre-commit-hooks.nix",
        "rev": "ebcbfe09d2bd6d15f68de3a0ebb1e4dcb5cd324b",
        "type": "github"
      },
      "original": {
        "owner": "cachix",
        "repo": "pre-commit-hooks.nix",
        "type": "github"
      }
    },
    "root": {
      "inputs": {
        "nixpkgs": "nixpkgs",
        "pre-commit-hooks": "pre-commit-hooks"
      }
    }
  },
  "root": "root",
  "version": 7
}
